
Microsoft Visual Studio Solution File, Format Version 12.00
# Visual Studio 15
VisualStudioVersion = 15.0.27130.2010
MinimumVisualStudioVersion = 10.0.40219.1
Project("{9A19103F-16F7-4668-BE54-9A1E7A4F7556}") = "LedgerLocal.FrontServer.Front.ApiController", "LedgerLocal.FrontServer.Front.ApiController\LedgerLocal.FrontServer.Front.ApiController.csproj", "{DD4BD62A-D4EE-40A9-8996-4269F6D88904}"
EndProject
Project("{9A19103F-16F7-4668-BE54-9A1E7A4F7556}") = "LedgerLocal.FrontServer.Front.Bootstrap", "LedgerLocal.FrontServer.Front.Bootstrap\LedgerLocal.FrontServer.Front.Bootstrap.csproj", "{A9663298-2B0B-4A5F-BE01-FA33F6044912}"
EndProject
Project("{9A19103F-16F7-4668-BE54-9A1E7A4F7556}") = "LedgerLocal.FrontServer.Front.Controller", "LedgerLocal.FrontServer.Front.Controller\LedgerLocal.FrontServer.Front.Controller.csproj", "{1A6B8F84-0792-4B06-978E-F9F7F57ADA39}"
EndProject
Project("{9A19103F-16F7-4668-BE54-9A1E7A4F7556}") = "LedgerLocal.Common.Core", "LedgerLocal.Common.Core\LedgerLocal.Common.Core.csproj", "{CF1CB6F3-2765-4207-B367-B2E36ED4DCE3}"
EndProject
Project("{9A19103F-16F7-4668-BE54-9A1E7A4F7556}") = "LedgerLocal.Common.Data", "LedgerLocal.Common.Data\LedgerLocal.Common.Data.csproj", "{A7DD07F1-1118-4421-A772-AE2EDD464503}"
EndProject
Project("{9A19103F-16F7-4668-BE54-9A1E7A4F7556}") = "LedgerLocal.Common.Web.Mvc", "LedgerLocal.Common.Web.Mvc\LedgerLocal.Common.Web.Mvc.csproj", "{AA70199E-B575-4060-959C-B7B7630A83AD}"
EndProject
Project("{9A19103F-16F7-4668-BE54-9A1E7A4F7556}") = "LedgerLocal.Common.WebApi", "LedgerLocal.Common.WebApi\LedgerLocal.Common.WebApi.csproj", "{C809FAF4-0D03-4E92-A4DE-CBFCC16B15C8}"
EndProject
Project("{9A19103F-16F7-4668-BE54-9A1E7A4F7556}") = "LedgerLocal.FrontServer.Data.FullDomain", "LedgerLocal.FrontServer.Data.FullDomain\LedgerLocal.FrontServer.Data.FullDomain.csproj", "{075AF051-8F27-4F44-986B-E758DD9770B4}"
EndProject
Project("{9A19103F-16F7-4668-BE54-9A1E7A4F7556}") = "LedgerLocal.FrontServer.Data.Repository.FullDomain", "LedgerLocal.FrontServer.Data.Repository.FullDomain\LedgerLocal.FrontServer.Data.Repository.FullDomain.csproj", "{74137FEE-EFCE-4855-8CFC-D549D251516F}"
EndProject
Project("{9A19103F-16F7-4668-BE54-9A1E7A4F7556}") = "LedgerLocal.FrontServer.Dto", "LedgerLocal.FrontServer.Dto\LedgerLocal.FrontServer.Dto.csproj", "{84C7A1DE-F082-49AC-BB48-4282CC00FF0D}"
EndProject
Project("{9A19103F-16F7-4668-BE54-9A1E7A4F7556}") = "LedgerLocal.FrontServer.Model.FullDomain", "LedgerLocal.FrontServer.Model.FullDomain\LedgerLocal.FrontServer.Model.FullDomain.csproj", "{9347DFAA-66C3-4E83-B206-5F27DFD51D29}"
EndProject
Project("{9A19103F-16F7-4668-BE54-9A1E7A4F7556}") = "LedgerLocal.FrontServer.Service", "LedgerLocal.FrontServer.Service\LedgerLocal.FrontServer.Service.csproj", "{709BD8C4-4675-41EF-82BB-EBAA54722519}"
EndProject
Project("{2150E333-8FDC-42A3-9474-1A3956D46DE8}") = "01-Common", "01-Common", "{159FA136-6EDB-4AA7-8FA8-2CB44FD1F34B}"
EndProject
Project("{2150E333-8FDC-42A3-9474-1A3956D46DE8}") = "10-Data", "10-Data", "{6B3166AF-2A00-4E11-9519-8CF25BE8C138}"
EndProject
Project("{2150E333-8FDC-42A3-9474-1A3956D46DE8}") = "20-Model", "20-Model", "{114ECF3C-C4A8-4CA2-B49B-4E16CEF0AFD7}"
EndProject
Project("{2150E333-8FDC-42A3-9474-1A3956D46DE8}") = "50-Service", "50-Service", "{2861DD29-014E-493B-A42D-1657D6CF2EE5}"
EndProject
Project("{2150E333-8FDC-42A3-9474-1A3956D46DE8}") = "80-Front", "80-Front", "{26D09C93-C161-4972-9120-3478F143B2D8}"
EndProject
Project("{2150E333-8FDC-42A3-9474-1A3956D46DE8}") = "70-Shared", "70-Shared", "{CAF1F25E-AB18-4BC9-A685-F7C5254AC370}"
EndProject
Project("{9A19103F-16F7-4668-BE54-9A1E7A4F7556}") = "LedgerLocal.FrontServer.Front.AngularWeb", "LedgerLocal.FrontServer.Front.AngularWeb\LedgerLocal.FrontServer.Front.AngularWeb.csproj", "{69B4DC4B-3BC5-456E-BE8B-6F7AB8E5376D}"
EndProject
Global
	GlobalSection(SolutionConfigurationPlatforms) = preSolution
		Debug|Any CPU = Debug|Any CPU
		Debug|x64 = Debug|x64
		Release|Any CPU = Release|Any CPU
		Release|x64 = Release|x64
	EndGlobalSection
	GlobalSection(ProjectConfigurationPlatforms) = postSolution
		{DD4BD62A-D4EE-40A9-8996-4269F6D88904}.Debug|Any CPU.ActiveCfg = Debug|Any CPU
		{DD4BD62A-D4EE-40A9-8996-4269F6D88904}.Debug|Any CPU.Build.0 = Debug|Any CPU
		{DD4BD62A-D4EE-40A9-8996-4269F6D88904}.Debug|x64.ActiveCfg = Debug|Any CPU
		{DD4BD62A-D4EE-40A9-8996-4269F6D88904}.Debug|x64.Build.0 = Debug|Any CPU
		{DD4BD62A-D4EE-40A9-8996-4269F6D88904}.Release|Any CPU.ActiveCfg = Release|Any CPU
		{DD4BD62A-D4EE-40A9-8996-4269F6D88904}.Release|Any CPU.Build.0 = Release|Any CPU
		{DD4BD62A-D4EE-40A9-8996-4269F6D88904}.Release|x64.ActiveCfg = Release|Any CPU
		{DD4BD62A-D4EE-40A9-8996-4269F6D88904}.Release|x64.Build.0 = Release|Any CPU
		{A9663298-2B0B-4A5F-BE01-FA33F6044912}.Debug|Any CPU.ActiveCfg = Debug|Any CPU
		{A9663298-2B0B-4A5F-BE01-FA33F6044912}.Debug|Any CPU.Build.0 = Debug|Any CPU
		{A9663298-2B0B-4A5F-BE01-FA33F6044912}.Debug|x64.ActiveCfg = Debug|Any CPU
		{A9663298-2B0B-4A5F-BE01-FA33F6044912}.Debug|x64.Build.0 = Debug|Any CPU
		{A9663298-2B0B-4A5F-BE01-FA33F6044912}.Release|Any CPU.ActiveCfg = Release|Any CPU
		{A9663298-2B0B-4A5F-BE01-FA33F6044912}.Release|Any CPU.Build.0 = Release|Any CPU
		{A9663298-2B0B-4A5F-BE01-FA33F6044912}.Release|x64.ActiveCfg = Release|Any CPU
		{A9663298-2B0B-4A5F-BE01-FA33F6044912}.Release|x64.Build.0 = Release|Any CPU
		{1A6B8F84-0792-4B06-978E-F9F7F57ADA39}.Debug|Any CPU.ActiveCfg = Debug|Any CPU
		{1A6B8F84-0792-4B06-978E-F9F7F57ADA39}.Debug|Any CPU.Build.0 = Debug|Any CPU
		{1A6B8F84-0792-4B06-978E-F9F7F57ADA39}.Debug|x64.ActiveCfg = Debug|Any CPU
		{1A6B8F84-0792-4B06-978E-F9F7F57ADA39}.Debug|x64.Build.0 = Debug|Any CPU
		{1A6B8F84-0792-4B06-978E-F9F7F57ADA39}.Release|Any CPU.ActiveCfg = Release|Any CPU
		{1A6B8F84-0792-4B06-978E-F9F7F57ADA39}.Release|Any CPU.Build.0 = Release|Any CPU
		{1A6B8F84-0792-4B06-978E-F9F7F57ADA39}.Release|x64.ActiveCfg = Release|Any CPU
		{1A6B8F84-0792-4B06-978E-F9F7F57ADA39}.Release|x64.Build.0 = Release|Any CPU
		{CF1CB6F3-2765-4207-B367-B2E36ED4DCE3}.Debug|Any CPU.ActiveCfg = Debug|Any CPU
		{CF1CB6F3-2765-4207-B367-B2E36ED4DCE3}.Debug|Any CPU.Build.0 = Debug|Any CPU
		{CF1CB6F3-2765-4207-B367-B2E36ED4DCE3}.Debug|x64.ActiveCfg = Debug|Any CPU
		{CF1CB6F3-2765-4207-B367-B2E36ED4DCE3}.Debug|x64.Build.0 = Debug|Any CPU
		{CF1CB6F3-2765-4207-B367-B2E36ED4DCE3}.Release|Any CPU.ActiveCfg = Release|Any CPU
		{CF1CB6F3-2765-4207-B367-B2E36ED4DCE3}.Release|Any CPU.Build.0 = Release|Any CPU
		{CF1CB6F3-2765-4207-B367-B2E36ED4DCE3}.Release|x64.ActiveCfg = Release|Any CPU
		{CF1CB6F3-2765-4207-B367-B2E36ED4DCE3}.Release|x64.Build.0 = Release|Any CPU
		{A7DD07F1-1118-4421-A772-AE2EDD464503}.Debug|Any CPU.ActiveCfg = Debug|Any CPU
		{A7DD07F1-1118-4421-A772-AE2EDD464503}.Debug|Any CPU.Build.0 = Debug|Any CPU
		{A7DD07F1-1118-4421-A772-AE2EDD464503}.Debug|x64.ActiveCfg = Debug|Any CPU
		{A7DD07F1-1118-4421-A772-AE2EDD464503}.Debug|x64.Build.0 = Debug|Any CPU
		{A7DD07F1-1118-4421-A772-AE2EDD464503}.Release|Any CPU.ActiveCfg = Release|Any CPU
		{A7DD07F1-1118-4421-A772-AE2EDD464503}.Release|Any CPU.Build.0 = Release|Any CPU
		{A7DD07F1-1118-4421-A772-AE2EDD464503}.Release|x64.ActiveCfg = Release|Any CPU
		{A7DD07F1-1118-4421-A772-AE2EDD464503}.Release|x64.Build.0 = Release|Any CPU
		{AA70199E-B575-4060-959C-B7B7630A83AD}.Debug|Any CPU.ActiveCfg = Debug|Any CPU
		{AA70199E-B575-4060-959C-B7B7630A83AD}.Debug|Any CPU.Build.0 = Debug|Any CPU
		{AA70199E-B575-4060-959C-B7B7630A83AD}.Debug|x64.ActiveCfg = Debug|Any CPU
		{AA70199E-B575-4060-959C-B7B7630A83AD}.Debug|x64.Build.0 = Debug|Any CPU
		{AA70199E-B575-4060-959C-B7B7630A83AD}.Release|Any CPU.ActiveCfg = Release|Any CPU
		{AA70199E-B575-4060-959C-B7B7630A83AD}.Release|Any CPU.Build.0 = Release|Any CPU
		{AA70199E-B575-4060-959C-B7B7630A83AD}.Release|x64.ActiveCfg = Release|Any CPU
		{AA70199E-B575-4060-959C-B7B7630A83AD}.Release|x64.Build.0 = Release|Any CPU
		{C809FAF4-0D03-4E92-A4DE-CBFCC16B15C8}.Debug|Any CPU.ActiveCfg = Debug|Any CPU
		{C809FAF4-0D03-4E92-A4DE-CBFCC16B15C8}.Debug|Any CPU.Build.0 = Debug|Any CPU
		{C809FAF4-0D03-4E92-A4DE-CBFCC16B15C8}.Debug|x64.ActiveCfg = Debug|Any CPU
		{C809FAF4-0D03-4E92-A4DE-CBFCC16B15C8}.Debug|x64.Build.0 = Debug|Any CPU
		{C809FAF4-0D03-4E92-A4DE-CBFCC16B15C8}.Release|Any CPU.ActiveCfg = Release|Any CPU
		{C809FAF4-0D03-4E92-A4DE-CBFCC16B15C8}.Release|Any CPU.Build.0 = Release|Any CPU
		{C809FAF4-0D03-4E92-A4DE-CBFCC16B15C8}.Release|x64.ActiveCfg = Release|Any CPU
		{C809FAF4-0D03-4E92-A4DE-CBFCC16B15C8}.Release|x64.Build.0 = Release|Any CPU
		{075AF051-8F27-4F44-986B-E758DD9770B4}.Debug|Any CPU.ActiveCfg = Debug|Any CPU
		{075AF051-8F27-4F44-986B-E758DD9770B4}.Debug|Any CPU.Build.0 = Debug|Any CPU
		{075AF051-8F27-4F44-986B-E758DD9770B4}.Debug|x64.ActiveCfg = Debug|Any CPU
		{075AF051-8F27-4F44-986B-E758DD9770B4}.Debug|x64.Build.0 = Debug|Any CPU
		{075AF051-8F27-4F44-986B-E758DD9770B4}.Release|Any CPU.ActiveCfg = Release|Any CPU
		{075AF051-8F27-4F44-986B-E758DD9770B4}.Release|Any CPU.Build.0 = Release|Any CPU
		{075AF051-8F27-4F44-986B-E758DD9770B4}.Release|x64.ActiveCfg = Release|Any CPU
		{075AF051-8F27-4F44-986B-E758DD9770B4}.Release|x64.Build.0 = Release|Any CPU
		{74137FEE-EFCE-4855-8CFC-D549D251516F}.Debug|Any CPU.ActiveCfg = Debug|Any CPU
		{74137FEE-EFCE-4855-8CFC-D549D251516F}.Debug|Any CPU.Build.0 = Debug|Any CPU
		{74137FEE-EFCE-4855-8CFC-D549D251516F}.Debug|x64.ActiveCfg = Debug|Any CPU
		{74137FEE-EFCE-4855-8CFC-D549D251516F}.Debug|x64.Build.0 = Debug|Any CPU
		{74137FEE-EFCE-4855-8CFC-D549D251516F}.Release|Any CPU.ActiveCfg = Release|Any CPU
		{74137FEE-EFCE-4855-8CFC-D549D251516F}.Release|Any CPU.Build.0 = Release|Any CPU
		{74137FEE-EFCE-4855-8CFC-D549D251516F}.Release|x64.ActiveCfg = Release|Any CPU
		{74137FEE-EFCE-4855-8CFC-D549D251516F}.Release|x64.Build.0 = Release|Any CPU
		{84C7A1DE-F082-49AC-BB48-4282CC00FF0D}.Debug|Any CPU.ActiveCfg = Debug|Any CPU
		{84C7A1DE-F082-49AC-BB48-4282CC00FF0D}.Debug|Any CPU.Build.0 = Debug|Any CPU
		{84C7A1DE-F082-49AC-BB48-4282CC00FF0D}.Debug|x64.ActiveCfg = Debug|Any CPU
		{84C7A1DE-F082-49AC-BB48-4282CC00FF0D}.Debug|x64.Build.0 = Debug|Any CPU
		{84C7A1DE-F082-49AC-BB48-4282CC00FF0D}.Release|Any CPU.ActiveCfg = Release|Any CPU
		{84C7A1DE-F082-49AC-BB48-4282CC00FF0D}.Release|Any CPU.Build.0 = Release|Any CPU
		{84C7A1DE-F082-49AC-BB48-4282CC00FF0D}.Release|x64.ActiveCfg = Release|Any CPU
		{84C7A1DE-F082-49AC-BB48-4282CC00FF0D}.Release|x64.Build.0 = Release|Any CPU
		{9347DFAA-66C3-4E83-B206-5F27DFD51D29}.Debug|Any CPU.ActiveCfg = Debug|Any CPU
		{9347DFAA-66C3-4E83-B206-5F27DFD51D29}.Debug|Any CPU.Build.0 = Debug|Any CPU
		{9347DFAA-66C3-4E83-B206-5F27DFD51D29}.Debug|x64.ActiveCfg = Debug|Any CPU
		{9347DFAA-66C3-4E83-B206-5F27DFD51D29}.Debug|x64.Build.0 = Debug|Any CPU
		{9347DFAA-66C3-4E83-B206-5F27DFD51D29}.Release|Any CPU.ActiveCfg = Release|Any CPU
		{9347DFAA-66C3-4E83-B206-5F27DFD51D29}.Release|Any CPU.Build.0 = Release|Any CPU
		{9347DFAA-66C3-4E83-B206-5F27DFD51D29}.Release|x64.ActiveCfg = Release|Any CPU
		{9347DFAA-66C3-4E83-B206-5F27DFD51D29}.Release|x64.Build.0 = Release|Any CPU
		{709BD8C4-4675-41EF-82BB-EBAA54722519}.Debug|Any CPU.ActiveCfg = Debug|Any CPU
		{709BD8C4-4675-41EF-82BB-EBAA54722519}.Debug|Any CPU.Build.0 = Debug|Any CPU
		{709BD8C4-4675-41EF-82BB-EBAA54722519}.Debug|x64.ActiveCfg = Debug|Any CPU
		{709BD8C4-4675-41EF-82BB-EBAA54722519}.Debug|x64.Build.0 = Debug|Any CPU
		{709BD8C4-4675-41EF-82BB-EBAA54722519}.Release|Any CPU.ActiveCfg = Release|Any CPU
		{709BD8C4-4675-41EF-82BB-EBAA54722519}.Release|Any CPU.Build.0 = Release|Any CPU
		{709BD8C4-4675-41EF-82BB-EBAA54722519}.Release|x64.ActiveCfg = Release|Any CPU
		{709BD8C4-4675-41EF-82BB-EBAA54722519}.Release|x64.Build.0 = Release|Any CPU
		{69B4DC4B-3BC5-456E-BE8B-6F7AB8E5376D}.Debug|Any CPU.ActiveCfg = Debug|Any CPU
		{69B4DC4B-3BC5-456E-BE8B-6F7AB8E5376D}.Debug|Any CPU.Build.0 = Debug|Any CPU
		{69B4DC4B-3BC5-456E-BE8B-6F7AB8E5376D}.Debug|x64.ActiveCfg = Debug|Any CPU
		{69B4DC4B-3BC5-456E-BE8B-6F7AB8E5376D}.Debug|x64.Build.0 = Debug|Any CPU
		{69B4DC4B-3BC5-456E-BE8B-6F7AB8E5376D}.Release|Any CPU.ActiveCfg = Release|Any CPU
		{69B4DC4B-3BC5-456E-BE8B-6F7AB8E5376D}.Release|Any CPU.Build.0 = Release|Any CPU
		{69B4DC4B-3BC5-456E-BE8B-6F7AB8E5376D}.Release|x64.ActiveCfg = Release|Any CPU
		{69B4DC4B-3BC5-456E-BE8B-6F7AB8E5376D}.Release|x64.Build.0 = Release|Any CPU
	EndGlobalSection
	GlobalSection(SolutionProperties) = preSolution
		HideSolutionNode = FALSE
	EndGlobalSection
	GlobalSection(NestedProjects) = preSolution
		{DD4BD62A-D4EE-40A9-8996-4269F6D88904} = {26D09C93-C161-4972-9120-3478F143B2D8}
		{A9663298-2B0B-4A5F-BE01-FA33F6044912} = {26D09C93-C161-4972-9120-3478F143B2D8}
		{1A6B8F84-0792-4B06-978E-F9F7F57ADA39} = {26D09C93-C161-4972-9120-3478F143B2D8}
		{CF1CB6F3-2765-4207-B367-B2E36ED4DCE3} = {159FA136-6EDB-4AA7-8FA8-2CB44FD1F34B}
		{A7DD07F1-1118-4421-A772-AE2EDD464503} = {159FA136-6EDB-4AA7-8FA8-2CB44FD1F34B}
		{AA70199E-B575-4060-959C-B7B7630A83AD} = {159FA136-6EDB-4AA7-8FA8-2CB44FD1F34B}
		{C809FAF4-0D03-4E92-A4DE-CBFCC16B15C8} = {159FA136-6EDB-4AA7-8FA8-2CB44FD1F34B}
		{075AF051-8F27-4F44-986B-E758DD9770B4} = {6B3166AF-2A00-4E11-9519-8CF25BE8C138}
		{74137FEE-EFCE-4855-8CFC-D549D251516F} = {6B3166AF-2A00-4E11-9519-8CF25BE8C138}
		{84C7A1DE-F082-49AC-BB48-4282CC00FF0D} = {CAF1F25E-AB18-4BC9-A685-F7C5254AC370}
		{9347DFAA-66C3-4E83-B206-5F27DFD51D29} = {114ECF3C-C4A8-4CA2-B49B-4E16CEF0AFD7}
		{709BD8C4-4675-41EF-82BB-EBAA54722519} = {2861DD29-014E-493B-A42D-1657D6CF2EE5}
		{69B4DC4B-3BC5-456E-BE8B-6F7AB8E5376D} = {26D09C93-C161-4972-9120-3478F143B2D8}
	EndGlobalSection
	GlobalSection(ExtensibilityGlobals) = postSolution
		SolutionGuid = {62EEDAD4-1A6D-43C8-B3BE-30253FE68BC7}
	EndGlobalSection
EndGlobal
